
Microsoft Visual Studio Solution File, Format Version 12.00
# Visual Studio Version 16
VisualStudioVersion = 16.0.31702.278
MinimumVisualStudioVersion = 10.0.40219.1
Project("{FAE04EC0-301F-11D3-BF4B-00C04F79EFBC}") = "Compra de restaurant", "Compra de restaurant\Compra de restaurant.csproj", "{B13318FA-CF97-4D63-BDA6-714CC65D67E7}"
EndProject
Global
	GlobalSection(SolutionConfigurationPlatforms) = preSolution
		Debug|Any CPU = Debug|Any CPU
		Release|Any CPU = Release|Any CPU
	EndGlobalSection
	GlobalSection(ProjectConfigurationPlatforms) = postSolution
		{B13318FA-CF97-4D63-BDA6-714CC65D67E7}.Debug|Any CPU.ActiveCfg = Debug|Any CPU
		{B13318FA-CF97-4D63-BDA6-714CC65D67E7}.Debug|Any CPU.Build.0 = Debug|Any CPU
		{B13318FA-CF97-4D63-BDA6-714CC65D67E7}.Release|Any CPU.ActiveCfg = Release|Any CPU
		{B13318FA-CF97-4D63-BDA6-714CC65D67E7}.Release|Any CPU.Build.0 = Release|Any CPU
	EndGlobalSection
	GlobalSection(SolutionProperties) = preSolution
		HideSolutionNode = FALSE
	EndGlobalSection
	GlobalSection(ExtensibilityGlobals) = postSolution
		SolutionGuid = {0CBA6BCC-9A33-43B4-BB57-49EFDAFA32DC}
	EndGlobalSection
EndGlobal
