
Microsoft Visual Studio Solution File, Format Version 12.00
# Visual Studio Version 16
VisualStudioVersion = 16.0.31702.278
MinimumVisualStudioVersion = 10.0.40219.1
Project("{FAE04EC0-301F-11D3-BF4B-00C04F79EFBC}") = "Tabla de multiplicar_con WHILE", "Tabla de multiplicar_con WHILE\Tabla de multiplicar_con WHILE.csproj", "{31B75A88-FA81-4C78-A7A9-1E5FD6623676}"
EndProject
Global
	GlobalSection(SolutionConfigurationPlatforms) = preSolution
		Debug|Any CPU = Debug|Any CPU
		Release|Any CPU = Release|Any CPU
	EndGlobalSection
	GlobalSection(ProjectConfigurationPlatforms) = postSolution
		{31B75A88-FA81-4C78-A7A9-1E5FD6623676}.Debug|Any CPU.ActiveCfg = Debug|Any CPU
		{31B75A88-FA81-4C78-A7A9-1E5FD6623676}.Debug|Any CPU.Build.0 = Debug|Any CPU
		{31B75A88-FA81-4C78-A7A9-1E5FD6623676}.Release|Any CPU.ActiveCfg = Release|Any CPU
		{31B75A88-FA81-4C78-A7A9-1E5FD6623676}.Release|Any CPU.Build.0 = Release|Any CPU
	EndGlobalSection
	GlobalSection(SolutionProperties) = preSolution
		HideSolutionNode = FALSE
	EndGlobalSection
	GlobalSection(ExtensibilityGlobals) = postSolution
		SolutionGuid = {A5B3FEC8-19F6-4D4C-B66D-51EF8CD736C5}
	EndGlobalSection
EndGlobal
