
Microsoft Visual Studio Solution File, Format Version 12.00
# Visual Studio Version 16
VisualStudioVersion = 16.0.31702.278
MinimumVisualStudioVersion = 10.0.40219.1
Project("{FAE04EC0-301F-11D3-BF4B-00C04F79EFBC}") = "Funciones de cadena", "Funciones de cadena\Funciones de cadena.csproj", "{F9015FB0-E7D2-45F1-8BEC-D1EBC59F61EF}"
EndProject
Global
	GlobalSection(SolutionConfigurationPlatforms) = preSolution
		Debug|Any CPU = Debug|Any CPU
		Release|Any CPU = Release|Any CPU
	EndGlobalSection
	GlobalSection(ProjectConfigurationPlatforms) = postSolution
		{F9015FB0-E7D2-45F1-8BEC-D1EBC59F61EF}.Debug|Any CPU.ActiveCfg = Debug|Any CPU
		{F9015FB0-E7D2-45F1-8BEC-D1EBC59F61EF}.Debug|Any CPU.Build.0 = Debug|Any CPU
		{F9015FB0-E7D2-45F1-8BEC-D1EBC59F61EF}.Release|Any CPU.ActiveCfg = Release|Any CPU
		{F9015FB0-E7D2-45F1-8BEC-D1EBC59F61EF}.Release|Any CPU.Build.0 = Release|Any CPU
	EndGlobalSection
	GlobalSection(SolutionProperties) = preSolution
		HideSolutionNode = FALSE
	EndGlobalSection
	GlobalSection(ExtensibilityGlobals) = postSolution
		SolutionGuid = {0FAB6538-CA20-4652-906A-9A7BAE80093A}
	EndGlobalSection
EndGlobal
